
Microsoft Visual Studio Solution File, Format Version 12.00
# Visual Studio Version 17
VisualStudioVersion = 17.9.34723.18
MinimumVisualStudioVersion = 10.0.40219.1
Project("{FAE04EC0-301F-11D3-BF4B-00C04F79EFBC}") = "IP", "IP\IP.csproj", "{DF9A5D2E-8EAE-4761-87C1-22608EF7186D}"
EndProject
Global
	GlobalSection(SolutionConfigurationPlatforms) = preSolution
		Debug|Any CPU = Debug|Any CPU
		Release|Any CPU = Release|Any CPU
	EndGlobalSection
	GlobalSection(ProjectConfigurationPlatforms) = postSolution
		{DF9A5D2E-8EAE-4761-87C1-22608EF7186D}.Debug|Any CPU.ActiveCfg = Debug|Any CPU
		{DF9A5D2E-8EAE-4761-87C1-22608EF7186D}.Debug|Any CPU.Build.0 = Debug|Any CPU
		{DF9A5D2E-8EAE-4761-87C1-22608EF7186D}.Release|Any CPU.ActiveCfg = Release|Any CPU
		{DF9A5D2E-8EAE-4761-87C1-22608EF7186D}.Release|Any CPU.Build.0 = Release|Any CPU
	EndGlobalSection
	GlobalSection(SolutionProperties) = preSolution
		HideSolutionNode = FALSE
	EndGlobalSection
	GlobalSection(ExtensibilityGlobals) = postSolution
		SolutionGuid = {DF03CF12-A590-4BED-8D27-294C2B113C0F}
	EndGlobalSection
EndGlobal
